# This file was autogenerated by Stack.
# You should not edit this file by hand.
# For more information, please see the documentation at:
#   https://docs.haskellstack.org/en/stable/lock_files

packages:
- completed:
    hackage: attoparsec-0.14.1@sha256:4b78a324afeda1472ffdc01bb2b71abd295d315118909f5266e68d48a572eeb4,6008
    pantry-tree:
      size: 5305
      sha256: c8d5b55f1c2a2b5f54a6626c0b72b9bb9905c757280545e1add83fb1a32e4efb
  original:
    hackage: attoparsec-0.14.1
- completed:
    hackage: mtl-2.2.2@sha256:1050fb71acd9f5d67da7d992583f5bd0eb14407b9dc7acc122af1b738b706ca3,2261
    pantry-tree:
      size: 1713
      sha256: b8bdc2259e2f943a7252fb164805666fe108ac959d398e0af27b43ba2ebc241c
  original:
    hackage: mtl-2.2.2
- completed:
    hackage: containers-0.6.4.1@sha256:e9ca297369c207ff40ed561877c15928292b957a01c8551a7cbd50d665a03429,2520
    pantry-tree:
      size: 2823
      sha256: cd4689c9caa5b9774b3ec4603c3b2c06eb04b184db590afa6d107441e25cc634
  original:
    hackage: containers-0.6.4.1
- completed:
    hackage: scientific-0.3.7.0@sha256:76465a82beb2af6ea83ebd00684acc0ffe659e7da7066329931dc8f02fc97507,4826
    pantry-tree:
      size: 657
      sha256: 2e5436cd8a2d2fa045aadc7619aa06cf18f4f77d01b70d8c517213b718b69a2b
  original:
    hackage: scientific-0.3.7.0
- completed:
    hackage: text-1.2.5.0@sha256:791f0f6c97ed96113f17ab520cf0efe1a3a4f883a8c85910a5660567c8241c40,7895
    pantry-tree:
      size: 7395
      sha256: f41504ec5c04a3f3358ef104362f02fdef29cbce4e5e4e6dbd6b6db70c40d4bf
  original:
    hackage: text-1.2.5.0
- completed:
    hackage: binary-0.8.9.0@sha256:9cac9a1d86bfa3e7f75cc8bffaa256f3967ebb6d76f67a42f9679384c5c5e18a,6523
    pantry-tree:
      size: 1976
      sha256: 61308af6be2cdb6ba09390d35f3fa1ebb45e3af688bf04922658532398eaa276
  original:
    hackage: binary-0.8.9.0
- completed:
    hackage: hashable-1.4.0.2@sha256:0cddd0229d1aac305ea0404409c0bbfab81f075817bd74b8b2929eff58333e55,5005
    pantry-tree:
      size: 1248
      sha256: 51dda0aa70849588d074125f324beba1c8736cfa486e7f4a90a798b1d0e6019d
  original:
    hackage: hashable-1.4.0.2
- completed:
    hackage: integer-logarithms-1.0.3.1@sha256:b65e11ec6f4b29c5278716da0544b951a49ab5310608df0fc41eec29f15691d9,3229
    pantry-tree:
      size: 865
      sha256: 804c8c0d77470f84640ee70c66155f770798e295c0a0572e41d071f69e24ca4e
  original:
    hackage: integer-logarithms-1.0.3.1
- completed:
    hackage: primitive-0.7.3.0@sha256:6b28a1c0572f5ca50597ba8388aeade21515842969ae192cdc6bfca81367bf56,2951
    pantry-tree:
      size: 1655
      sha256: 4dd118201091c04a138a25e262ab61e8e64e811832eadd8b6b39d56504dfe045
  original:
    hackage: primitive-0.7.3.0
- completed:
    hackage: base-orphans-0.8.6@sha256:eb6758d0160d607e0c45dbd6b196f515b9a589fd4f6d2f926929dd5d56282d37,3175
    pantry-tree:
      size: 1272
      sha256: f889d6903383305688e6e703982bfdc985649b7d4538429e44f98f99d8f73c07
  original:
    hackage: base-orphans-0.8.6
snapshots: []
